<?xml version="1.0" encoding="utf-8"?>
<Project ToolsVersion="4.0" xmlns="http://schemas.microsoft.com/developer/msbuild/2003">
  <ItemGroup>
    <Filter Include="源文件">
      <UniqueIdentifier>{4FC737F1-C7A5-4376-A066-2A32D752A2FF}</UniqueIdentifier>
      <Extensions>cpp;c;cc;cxx;def;odl;idl;hpj;bat;asm;asmx</Extensions>
    </Filter>
    <Filter Include="头文件">
      <UniqueIdentifier>{93995380-89BD-4b04-88EB-625FBE52EBFB}</UniqueIdentifier>
      <Extensions>h;hh;hpp;hxx;hm;inl;inc;ipp;xsd</Extensions>
    </Filter>
    <Filter Include="资源文件">
      <UniqueIdentifier>{67DA6AB6-F800-4c08-8B7A-83BB121AAD01}</UniqueIdentifier>
      <Extensions>rc;ico;cur;bmp;dlg;rc2;rct;bin;rgs;gif;jpg;jpeg;jpe;resx;tiff;tif;png;wav;mfcribbon-ms</Extensions>
    </Filter>
    <Filter Include="头文件\Core">
      <UniqueIdentifier>{242dc331-bbda-46d5-965f-5119e1164be4}</UniqueIdentifier>
    </Filter>
  </ItemGroup>
  <ItemGroup>
    <ClInclude Include="include\Core\Shader.h">
      <Filter>头文件</Filter>
    </ClInclude>
    <ClInclude Include="include\glad\glad.h">
      <Filter>头文件</Filter>
    </ClInclude>
    <ClInclude Include="include\GLFW\glfw3.h">
      <Filter>头文件</Filter>
    </ClInclude>
    <ClInclude Include="include\GLFW\glfw3native.h">
      <Filter>头文件</Filter>
    </ClInclude>
    <ClInclude Include="include\KHR\khrplatform.h">
      <Filter>头文件</Filter>
    </ClInclude>
  </ItemGroup>
  <ItemGroup>
    <Library Include="lib\glfw3.lib" />
  </ItemGroup>
  <ItemGroup>
    <ClCompile Include="src\Core\Shader.cpp">
      <Filter>源文件</Filter>
    </ClCompile>
    <ClCompile Include="src\glad.c">
      <Filter>源文件</Filter>
    </ClCompile>
    <ClCompile Include="src\main.cpp">
      <Filter>源文件</Filter>
    </ClCompile>
  </ItemGroup>
  <ItemGroup>
    <Object Include="Debug\glad.obj" />
    <Object Include="Debug\main.obj" />
    <Object Include="Debug\Shader.obj" />
  </ItemGroup>
  <ItemGroup>
    <Text Include="Debug\render-engine.log" />
  </ItemGroup>
  <ItemGroup>
    <None Include="Debug\vc141.idb" />
    <None Include="Debug\vc141.pdb" />
    <None Include="Debug\render-engine.tlog\CL.command.1.tlog" />
    <None Include="Debug\render-engine.tlog\CL.read.1.tlog" />
    <None Include="Debug\render-engine.tlog\CL.write.1.tlog" />
    <None Include="Debug\render-engine.tlog\link.command.1.tlog" />
    <None Include="Debug\render-engine.tlog\link.read.1.tlog" />
    <None Include="Debug\render-engine.tlog\link.write.1.tlog" />
    <None Include="Debug\render-engine.tlog\render-engine.lastbuildstate" />
  </ItemGroup>
</Project>